
Microsoft Visual Studio Solution File, Format Version 12.00
# Visual Studio Version 17
VisualStudioVersion = 17.9.34701.34
MinimumVisualStudioVersion = 10.0.40219.1
Project("{8BC9CEB8-8B4A-11D0-8D11-00A0C91BC942}") = "SR_S", "SR_S.vcxproj", "{D36760C3-1D3A-40EE-969A-44DFC901B64A}"
EndProject
Global
	GlobalSection(SolutionConfigurationPlatforms) = preSolution
		Debug|x64 = Debug|x64
		Debug|x86 = Debug|x86
		Release|x64 = Release|x64
		Release|x86 = Release|x86
	EndGlobalSection
	GlobalSection(ProjectConfigurationPlatforms) = postSolution
		{D36760C3-1D3A-40EE-969A-44DFC901B64A}.Debug|x64.ActiveCfg = Debug|x64
		{D36760C3-1D3A-40EE-969A-44DFC901B64A}.Debug|x64.Build.0 = Debug|x64
		{D36760C3-1D3A-40EE-969A-44DFC901B64A}.Debug|x86.ActiveCfg = Debug|Win32
		{D36760C3-1D3A-40EE-969A-44DFC901B64A}.Debug|x86.Build.0 = Debug|Win32
		{D36760C3-1D3A-40EE-969A-44DFC901B64A}.Release|x64.ActiveCfg = Release|x64
		{D36760C3-1D3A-40EE-969A-44DFC901B64A}.Release|x64.Build.0 = Release|x64
		{D36760C3-1D3A-40EE-969A-44DFC901B64A}.Release|x86.ActiveCfg = Release|Win32
		{D36760C3-1D3A-40EE-969A-44DFC901B64A}.Release|x86.Build.0 = Release|Win32
	EndGlobalSection
	GlobalSection(SolutionProperties) = preSolution
		HideSolutionNode = FALSE
	EndGlobalSection
	GlobalSection(ExtensibilityGlobals) = postSolution
		SolutionGuid = {E78BAE2A-63D7-416B-88A1-CAE79716012E}
	EndGlobalSection
EndGlobal
